
Microsoft Visual Studio Solution File, Format Version 12.00
# Visual Studio Version 17
VisualStudioVersion = 17.4.33213.308
MinimumVisualStudioVersion = 10.0.40219.1
Project("{FAE04EC0-301F-11D3-BF4B-00C04F79EFBC}") = "ConsoleApp1", "ConsoleApp1\ConsoleApp1.csproj", "{C53FE7F2-1559-4ED6-8BEA-68BB82E6362B}"
EndProject
Global
	GlobalSection(SolutionConfigurationPlatforms) = preSolution
		Debug|Any CPU = Debug|Any CPU
		Release|Any CPU = Release|Any CPU
	EndGlobalSection
	GlobalSection(ProjectConfigurationPlatforms) = postSolution
		{C53FE7F2-1559-4ED6-8BEA-68BB82E6362B}.Debug|Any CPU.ActiveCfg = Debug|Any CPU
		{C53FE7F2-1559-4ED6-8BEA-68BB82E6362B}.Debug|Any CPU.Build.0 = Debug|Any CPU
		{C53FE7F2-1559-4ED6-8BEA-68BB82E6362B}.Release|Any CPU.ActiveCfg = Release|Any CPU
		{C53FE7F2-1559-4ED6-8BEA-68BB82E6362B}.Release|Any CPU.Build.0 = Release|Any CPU
	EndGlobalSection
	GlobalSection(SolutionProperties) = preSolution
		HideSolutionNode = FALSE
	EndGlobalSection
	GlobalSection(ExtensibilityGlobals) = postSolution
		SolutionGuid = {D603FBF8-5E50-41C0-9971-D4BE0A484AC5}
	EndGlobalSection
EndGlobal
